
Microsoft Visual Studio Solution File, Format Version 12.00
# Visual Studio Version 17
VisualStudioVersion = 17.5.002.0
MinimumVisualStudioVersion = 10.0.40219.1
Project("{9A19103F-16F7-4668-BE54-9A1E7A4F7556}") = "CSharpFS", "CSharpFS.csproj", "{804A7029-371A-4529-A839-E22454146758}"
EndProject
Global
	GlobalSection(SolutionConfigurationPlatforms) = preSolution
		Debug|Any CPU = Debug|Any CPU
		Release|Any CPU = Release|Any CPU
	EndGlobalSection
	GlobalSection(ProjectConfigurationPlatforms) = postSolution
		{804A7029-371A-4529-A839-E22454146758}.Debug|Any CPU.ActiveCfg = Debug|Any CPU
		{804A7029-371A-4529-A839-E22454146758}.Debug|Any CPU.Build.0 = Debug|Any CPU
		{804A7029-371A-4529-A839-E22454146758}.Release|Any CPU.ActiveCfg = Release|Any CPU
		{804A7029-371A-4529-A839-E22454146758}.Release|Any CPU.Build.0 = Release|Any CPU
	EndGlobalSection
	GlobalSection(SolutionProperties) = preSolution
		HideSolutionNode = FALSE
	EndGlobalSection
	GlobalSection(ExtensibilityGlobals) = postSolution
		SolutionGuid = {29A7A37E-A4E4-4CF7-89D8-1EA4D2423959}
	EndGlobalSection
EndGlobal
